{
  "requires": true,
  "lockfileVersion": 1,
  "dependencies": {
    "hamburgers": {
      "version": "1.1.3",
      "resolved": "https://registry.npmjs.org/hamburgers/-/hamburgers-1.1.3.tgz",
      "integrity": "sha512-qpfnJwZq6ATAGJEriwuyfVNgT++GG+o+3bBfPYF7F3WY452cYKbaYGUuqwhp+3kHLI6CL4VIBfj8bfbp90Lp1A=="
    },
    "jquery": {
      "version": "3.6.0",
      "resolved": "https://registry.npmjs.org/jquery/-/jquery-3.6.0.tgz",
      "integrity": "sha512-JVzAR/AjBvVt2BmYhxRCSYysDsPcssdmTFnzyLEts9qNwmjmu4JTAMYubEfwVOSwpQ1I1sKKFcxhZCI2buerfw=="
    },
    "readmore-js": {
      "version": "2.2.1",
      "resolved": "https://registry.npmjs.org/readmore-js/-/readmore-js-2.2.1.tgz",
      "integrity": "sha512-hbPP0nQpYYkAywCEZ8ozHivvhWyHic37KJ2IXrHES4qzjp0+nmw8R33MeyMAtXBZfXX4Es8cpd5JBVf9qj47+Q==",
      "requires": {
        "jquery": ">2.1.4"
      }
    }
  }
}
